// !$*UTF8*$!
{
	archiveVersion = 1;
	classes = {
	};
	objectVersion = 46;
	objects = {

/* Begin PBXBuildFile section */
		525363751BEBF1DE0042ED95 /* AppDelegate.swift in Sources */ = {isa = PBXBuildFile; fileRef = 525363741BEBF1DE0042ED95 /* AppDelegate.swift */; };
		525363771BEBF1DE0042ED95 /* GameScene.sks in Resources */ = {isa = PBXBuildFile; fileRef = 525363761BEBF1DE0042ED95 /* GameScene.sks */; };
		525363791BEBF1DE0042ED95 /* GameScene.swift in Sources */ = {isa = PBXBuildFile; fileRef = 525363781BEBF1DE0042ED95 /* GameScene.swift */; };
		5253637B1BEBF1DE0042ED95 /* GameViewController.swift in Sources */ = {isa = PBXBuildFile; fileRef = 5253637A1BEBF1DE0042ED95 /* GameViewController.swift */; };
		5253637D1BEBF1DE0042ED95 /* Game.xcassets in Resources */ = {isa = PBXBuildFile; fileRef = 5253637C1BEBF1DE0042ED95 /* Game.xcassets */; };
		525363801BEBF1DE0042ED95 /* Main.storyboard in Resources */ = {isa = PBXBuildFile; fileRef = 5253637E1BEBF1DE0042ED95 /* Main.storyboard */; };
		525363821BEBF1DE0042ED95 /* Assets.xcassets in Resources */ = {isa = PBXBuildFile; fileRef = 525363811BEBF1DE0042ED95 /* Assets.xcassets */; };
/* End PBXBuildFile section */

/* Begin PBXFileReference section */
		525363711BEBF1DE0042ED95 /* mm2.app */ = {isa = PBXFileReference; explicitFileType = wrapper.application; includeInIndex = 0; path = mm2.app; sourceTree = BUILT_PRODUCTS_DIR; };
		525363741BEBF1DE0042ED95 /* AppDelegate.swift */ = {isa = PBXFileReference; lastKnownFileType = sourcecode.swift; path = AppDelegate.swift; sourceTree = "<group>"; };
		525363761BEBF1DE0042ED95 /* GameScene.sks */ = {isa = PBXFileReference; lastKnownFileType = file.sks; path = GameScene.sks; sourceTree = "<group>"; };
		525363781BEBF1DE0042ED95 /* GameScene.swift */ = {isa = PBXFileReference; lastKnownFileType = sourcecode.swift; path = GameScene.swift; sourceTree = "<group>"; };
		5253637A1BEBF1DE0042ED95 /* GameViewController.swift */ = {isa = PBXFileReference; lastKnownFileType = sourcecode.swift; path = GameViewController.swift; sourceTree = "<group>"; };
		5253637C1BEBF1DE0042ED95 /* Game.xcassets */ = {isa = PBXFileReference; lastKnownFileType = folder.assetcatalog; path = Game.xcassets; sourceTree = "<group>"; };
		5253637F1BEBF1DE0042ED95 /* Base */ = {isa = PBXFileReference; lastKnownFileType = file.storyboard; name = Base; path = Base.lproj/Main.storyboard; sourceTree = "<group>"; };
		525363811BEBF1DE0042ED95 /* Assets.xcassets */ = {isa = PBXFileReference; lastKnownFileType = folder.assetcatalog; path = Assets.xcassets; sourceTree = "<group>"; };
		525363831BEBF1DE0042ED95 /* Info.plist */ = {isa = PBXFileReference; lastKnownFileType = text.plist.xml; path = Info.plist; sourceTree = "<group>"; };
/* End PBXFileReference section */

/* Begin PBXFrameworksBuildPhase section */
		5253636E1BEBF1DE0042ED95 /* Frameworks */ = {
			isa = PBXFrameworksBuildPhase;
			buildActionMask = 2147483647;
			files = (
			);
			runOnlyForDeploymentPostprocessing = 0;
		};
/* End PBXFrameworksBuildPhase section */

/* Begin PBXGroup section */
		525363681BEBF1DE0042ED95 = {
			isa = PBXGroup;
			children = (
				525363731BEBF1DE0042ED95 /* mm2 */,
				525363721BEBF1DE0042ED95 /* Products */,
			);
			sourceTree = "<group>";
		};
		525363721BEBF1DE0042ED95 /* Products */ = {
			isa = PBXGroup;
			children = (
				525363711BEBF1DE0042ED95 /* mm2.app */,
			);
			name = Products;
			sourceTree = "<group>";
		};
		525363731BEBF1DE0042ED95 /* mm2 */ = {
			isa = PBXGroup;
			children = (
				525363741BEBF1DE0042ED95 /* AppDelegate.swift */,
				525363761BEBF1DE0042ED95 /* GameScene.sks */,
				525363781BEBF1DE0042ED95 /* GameScene.swift */,
				5253637A1BEBF1DE0042ED95 /* GameViewController.swift */,
				5253637C1BEBF1DE0042ED95 /* Game.xcassets */,
				5253637E1BEBF1DE0042ED95 /* Main.storyboard */,
				525363811BEBF1DE0042ED95 /* Assets.xcassets */,
				525363831BEBF1DE0042ED95 /* Info.plist */,
			);
			path = mm2;
			sourceTree = "<group>";
		};
/* End PBXGroup section */

/* Begin PBXNativeTarget section */
		525363701BEBF1DE0042ED95 /* mm2 */ = {
			isa = PBXNativeTarget;
			buildConfigurationList = 525363861BEBF1DE0042ED95 /* Build configuration list for PBXNativeTarget "mm2" */;
			buildPhases = (
				5253636D1BEBF1DE0042ED95 /* Sources */,
				5253636E1BEBF1DE0042ED95 /* Frameworks */,
				5253636F1BEBF1DE0042ED95 /* Resources */,
			);
			buildRules = (
			);
			dependencies = (
			);
			name = mm2;
			productName = mm2;
			productReference = 525363711BEBF1DE0042ED95 /* mm2.app */;
			productType = "com.apple.product-type.application";
		};
/* End PBXNativeTarget section */

/* Begin PBXProject section */
		525363691BEBF1DE0042ED95 /* Project object */ = {
			isa = PBXProject;
			attributes = {
				LastSwiftUpdateCheck = 0710;
				LastUpgradeCheck = 0710;
				ORGANIZATIONNAME = "AppyAppster Limited";
				TargetAttributes = {
					525363701BEBF1DE0042ED95 = {
						CreatedOnToolsVersion = 7.1;
					};
				};
			};
			buildConfigurationList = 5253636C1BEBF1DE0042ED95 /* Build configuration list for PBXProject "mm2" */;
			compatibilityVersion = "Xcode 3.2";
			developmentRegion = English;
			hasScannedForEncodings = 0;
			knownRegions = (
				en,
				Base,
			);
			mainGroup = 525363681BEBF1DE0042ED95;
			productRefGroup = 525363721BEBF1DE0042ED95 /* Products */;
			projectDirPath = "";
			projectRoot = "";
			targets = (
				525363701BEBF1DE0042ED95 /* mm2 */,
			);
		};
/* End PBXProject section */

/* Begin PBXResourcesBuildPhase section */
		5253636F1BEBF1DE0042ED95 /* Resources */ = {
			isa = PBXResourcesBuildPhase;
			buildActionMask = 2147483647;
			files = (
				525363801BEBF1DE0042ED95 /* Main.storyboard in Resources */,
				525363771BEBF1DE0042ED95 /* GameScene.sks in Resources */,
				525363821BEBF1DE0042ED95 /* Assets.xcassets in Resources */,
				5253637D1BEBF1DE0042ED95 /* Game.xcassets in Resources */,
			);
			runOnlyForDeploymentPostprocessing = 0;
		};
/* End PBXResourcesBuildPhase section */

/* Begin PBXSourcesBuildPhase section */
		5253636D1BEBF1DE0042ED95 /* Sources */ = {
			isa = PBXSourcesBuildPhase;
			buildActionMask = 2147483647;
			files = (
				525363791BEBF1DE0042ED95 /* GameScene.swift in Sources */,
				5253637B1BEBF1DE0042ED95 /* GameViewController.swift in Sources */,
				525363751BEBF1DE0042ED95 /* AppDelegate.swift in Sources */,
			);
			runOnlyForDeploymentPostprocessing = 0;
		};
/* End PBXSourcesBuildPhase section */

/* Begin PBXVariantGroup section */
		5253637E1BEBF1DE0042ED95 /* Main.storyboard */ = {
			isa = PBXVariantGroup;
			children = (
				5253637F1BEBF1DE0042ED95 /* Base */,
			);
			name = Main.storyboard;
			sourceTree = "<group>";
		};
/* End PBXVariantGroup section */

/* Begin XCBuildConfiguration section */
		525363841BEBF1DE0042ED95 /* Debug */ = {
			isa = XCBuildConfiguration;
			buildSettings = {
				ALWAYS_SEARCH_USER_PATHS = NO;
				CLANG_CXX_LANGUAGE_STANDARD = "gnu++0x";
				CLANG_CXX_LIBRARY = "libc++";
				CLANG_ENABLE_MODULES = YES;
				CLANG_ENABLE_OBJC_ARC = YES;
				CLANG_WARN_BOOL_CONVERSION = YES;
				CLANG_WARN_CONSTANT_CONVERSION = YES;
				CLANG_WARN_DIRECT_OBJC_ISA_USAGE = YES_ERROR;
				CLANG_WARN_EMPTY_BODY = YES;
				CLANG_WARN_ENUM_CONVERSION = YES;
				CLANG_WARN_INT_CONVERSION = YES;
				CLANG_WARN_OBJC_ROOT_CLASS = YES_ERROR;
				CLANG_WARN_UNREACHABLE_CODE = YES;
				CLANG_WARN__DUPLICATE_METHOD_MATCH = YES;
				COPY_PHASE_STRIP = NO;
				DEBUG_INFORMATION_FORMAT = "dwarf-with-dsym";
				ENABLE_STRICT_OBJC_MSGSEND = YES;
				ENABLE_TESTABILITY = YES;
				GCC_C_LANGUAGE_STANDARD = gnu99;
				GCC_DYNAMIC_NO_PIC = NO;
				GCC_NO_COMMON_BLOCKS = YES;
				GCC_OPTIMIZATION_LEVEL = 0;
				GCC_PREPROCESSOR_DEFINITIONS = (
					"DEBUG=1",
					"$(inherited)",
				);
				GCC_WARN_64_TO_32_BIT_CONVERSION = YES;
				GCC_WARN_ABOUT_RETURN_TYPE = YES_ERROR;
				GCC_WARN_UNDECLARED_SELECTOR = YES;
				GCC_WARN_UNINITIALIZED_AUTOS = YES_AGGRESSIVE;
				GCC_WARN_UNUSED_FUNCTION = YES;
				GCC_WARN_UNUSED_VARIABLE = YES;
				MTL_ENABLE_DEBUG_INFO = YES;
				ONLY_ACTIVE_ARCH = YES;
				SDKROOT = appletvos;
				SWIFT_OPTIMIZATION_LEVEL = "-Onone";
				TARGETED_DEVICE_FAMILY = 3;
				TVOS_DEPLOYMENT_TARGET = 9.0;
			};
			name = Debug;
		};
		525363851BEBF1DE0042ED95 /* Release */ = {
			isa = XCBuildConfiguration;
			buildSettings = {
				ALWAYS_SEARCH_USER_PATHS = NO;
				CLANG_CXX_LANGUAGE_STANDARD = "gnu++0x";
				CLANG_CXX_LIBRARY = "libc++";
				CLANG_ENABLE_MODULES = YES;
				CLANG_ENABLE_OBJC_ARC = YES;
				CLANG_WARN_BOOL_CONVERSION = YES;
				CLANG_WARN_CONSTANT_CONVERSION = YES;
				CLANG_WARN_DIRECT_OBJC_ISA_USAGE = YES_ERROR;
				CLANG_WARN_EMPTY_BODY = YES;
				CLANG_WARN_ENUM_CONVERSION = YES;
				CLANG_WARN_INT_CONVERSION = YES;
				CLANG_WARN_OBJC_ROOT_CLASS = YES_ERROR;
				CLANG_WARN_UNREACHABLE_CODE = YES;
				CLANG_WARN__DUPLICATE_METHOD_MATCH = YES;
				COPY_PHASE_STRIP = NO;
				DEBUG_INFORMATION_FORMAT = "dwarf-with-dsym";
				ENABLE_NS_ASSERTIONS = NO;
				ENABLE_STRICT_OBJC_MSGSEND = YES;
				GCC_C_LANGUAGE_STANDARD = gnu99;
				GCC_NO_COMMON_BLOCKS = YES;
				GCC_WARN_64_TO_32_BIT_CONVERSION = YES;
				GCC_WARN_ABOUT_RETURN_TYPE = YES_ERROR;
				GCC_WARN_UNDECLARED_SELECTOR = YES;
				GCC_WARN_UNINITIALIZED_AUTOS = YES_AGGRESSIVE;
				GCC_WARN_UNUSED_FUNCTION = YES;
				GCC_WARN_UNUSED_VARIABLE = YES;
				MTL_ENABLE_DEBUG_INFO = NO;
				SDKROOT = appletvos;
				TARGETED_DEVICE_FAMILY = 3;
				TVOS_DEPLOYMENT_TARGET = 9.0;
				VALIDATE_PRODUCT = YES;
			};
			name = Release;
		};
		525363871BEBF1DE0042ED95 /* Debug */ = {
			isa = XCBuildConfiguration;
			buildSettings = {
				ASSETCATALOG_COMPILER_APPICON_NAME = "App Icon & Top Shelf Image";
				ASSETCATALOG_COMPILER_LAUNCHIMAGE_NAME = LaunchImage;
				INFOPLIST_FILE = mm2/Info.plist;
				LD_RUNPATH_SEARCH_PATHS = "$(inherited) @executable_path/Frameworks";
				PRODUCT_BUNDLE_IDENTIFIER = com.appyappster.mm2;
				PRODUCT_NAME = "$(TARGET_NAME)";
			};
			name = Debug;
		};
		525363881BEBF1DE0042ED95 /* Release */ = {
			isa = XCBuildConfiguration;
			buildSettings = {
				ASSETCATALOG_COMPILER_APPICON_NAME = "App Icon & Top Shelf Image";
				ASSETCATALOG_COMPILER_LAUNCHIMAGE_NAME = LaunchImage;
				INFOPLIST_FILE = mm2/Info.plist;
				LD_RUNPATH_SEARCH_PATHS = "$(inherited) @executable_path/Frameworks";
				PRODUCT_BUNDLE_IDENTIFIER = com.appyappster.mm2;
				PRODUCT_NAME = "$(TARGET_NAME)";
			};
			name = Release;
		};
/* End XCBuildConfiguration section */

/* Begin XCConfigurationList section */
		5253636C1BEBF1DE0042ED95 /* Build configuration list for PBXProject "mm2" */ = {
			isa = XCConfigurationList;
			buildConfigurations = (
				525363841BEBF1DE0042ED95 /* Debug */,
				525363851BEBF1DE0042ED95 /* Release */,
			);
			defaultConfigurationIsVisible = 0;
			defaultConfigurationName = Release;
		};
		525363861BEBF1DE0042ED95 /* Build configuration list for PBXNativeTarget "mm2" */ = {
			isa = XCConfigurationList;
			buildConfigurations = (
				525363871BEBF1DE0042ED95 /* Debug */,
				525363881BEBF1DE0042ED95 /* Release */,
			);
			defaultConfigurationIsVisible = 0;
		};
/* End XCConfigurationList section */
	};
	rootObject = 525363691BEBF1DE0042ED95 /* Project object */;
}
